
Microsoft Visual Studio Solution File, Format Version 12.00
# Visual Studio 2012
Project("{FAE04EC0-301F-11D3-BF4B-00C04F79EFBC}") = "RTD_UI_Application", "RTD_UI_Application.csproj", "{CD450088-FB9B-4574-BE58-949A1CE13998}"
EndProject
Global
	GlobalSection(SolutionConfigurationPlatforms) = preSolution
		Debug|x86 = Debug|x86
		Release|x86 = Release|x86
	EndGlobalSection
	GlobalSection(ProjectConfigurationPlatforms) = postSolution
		{CD450088-FB9B-4574-BE58-949A1CE13998}.Debug|x86.ActiveCfg = Debug|x86
		{CD450088-FB9B-4574-BE58-949A1CE13998}.Debug|x86.Build.0 = Debug|x86
		{CD450088-FB9B-4574-BE58-949A1CE13998}.Release|x86.ActiveCfg = Release|x86
		{CD450088-FB9B-4574-BE58-949A1CE13998}.Release|x86.Build.0 = Release|x86
	EndGlobalSection
EndGlobal
